
Microsoft Visual Studio Solution File, Format Version 12.00
# Visual Studio Version 17
VisualStudioVersion = 17.12.35527.113
MinimumVisualStudioVersion = 10.0.40219.1
Project("{FAE04EC0-301F-11D3-BF4B-00C04F79EFBC}") = "Lista2exc5_Myrella", "Lista2exc5_Myrella\Lista2exc5_Myrella.csproj", "{F851D937-3E7E-4C49-B7A2-B57AD2498390}"
EndProject
Global
	GlobalSection(SolutionConfigurationPlatforms) = preSolution
		Debug|Any CPU = Debug|Any CPU
		Release|Any CPU = Release|Any CPU
	EndGlobalSection
	GlobalSection(ProjectConfigurationPlatforms) = postSolution
		{F851D937-3E7E-4C49-B7A2-B57AD2498390}.Debug|Any CPU.ActiveCfg = Debug|Any CPU
		{F851D937-3E7E-4C49-B7A2-B57AD2498390}.Debug|Any CPU.Build.0 = Debug|Any CPU
		{F851D937-3E7E-4C49-B7A2-B57AD2498390}.Release|Any CPU.ActiveCfg = Release|Any CPU
		{F851D937-3E7E-4C49-B7A2-B57AD2498390}.Release|Any CPU.Build.0 = Release|Any CPU
	EndGlobalSection
	GlobalSection(SolutionProperties) = preSolution
		HideSolutionNode = FALSE
	EndGlobalSection
EndGlobal
