
Microsoft Visual Studio Solution File, Format Version 12.00
# Visual Studio Version 17
VisualStudioVersion = 17.12.35527.113
MinimumVisualStudioVersion = 10.0.40219.1
Project("{FAE04EC0-301F-11D3-BF4B-00C04F79EFBC}") = "Lista2exc6_Myrella", "Lista2exc6_Myrella\Lista2exc6_Myrella.csproj", "{DF33E454-A304-4507-AB81-640C7D9A8B1F}"
EndProject
Global
	GlobalSection(SolutionConfigurationPlatforms) = preSolution
		Debug|Any CPU = Debug|Any CPU
		Release|Any CPU = Release|Any CPU
	EndGlobalSection
	GlobalSection(ProjectConfigurationPlatforms) = postSolution
		{DF33E454-A304-4507-AB81-640C7D9A8B1F}.Debug|Any CPU.ActiveCfg = Debug|Any CPU
		{DF33E454-A304-4507-AB81-640C7D9A8B1F}.Debug|Any CPU.Build.0 = Debug|Any CPU
		{DF33E454-A304-4507-AB81-640C7D9A8B1F}.Release|Any CPU.ActiveCfg = Release|Any CPU
		{DF33E454-A304-4507-AB81-640C7D9A8B1F}.Release|Any CPU.Build.0 = Release|Any CPU
	EndGlobalSection
	GlobalSection(SolutionProperties) = preSolution
		HideSolutionNode = FALSE
	EndGlobalSection
EndGlobal
